
Microsoft Visual Studio Solution File, Format Version 10.00
# Visual Studio 2008
Project("{8BC9CEB8-8B4A-11D0-8D11-00A0C91BC942}") = "遗传算法寻优", "遗传算法寻优\遗传算法寻优.vcproj", "{B34AF8E5-47AD-41BF-8F7D-8871374B9934}"
EndProject
Global
	GlobalSection(SolutionConfigurationPlatforms) = preSolution
		Debug|Win32 = Debug|Win32
		Release|Win32 = Release|Win32
	EndGlobalSection
	GlobalSection(ProjectConfigurationPlatforms) = postSolution
		{B34AF8E5-47AD-41BF-8F7D-8871374B9934}.Debug|Win32.ActiveCfg = Debug|Win32
		{B34AF8E5-47AD-41BF-8F7D-8871374B9934}.Debug|Win32.Build.0 = Debug|Win32
		{B34AF8E5-47AD-41BF-8F7D-8871374B9934}.Release|Win32.ActiveCfg = Release|Win32
		{B34AF8E5-47AD-41BF-8F7D-8871374B9934}.Release|Win32.Build.0 = Release|Win32
	EndGlobalSection
	GlobalSection(SolutionProperties) = preSolution
		HideSolutionNode = FALSE
	EndGlobalSection
EndGlobal
