// !$*UTF8*$!
{
	archiveVersion = 1;
	classes = {
	};
	objectVersion = 46;
	objects = {

/* Begin PBXBuildFile section */
		F39361BF1916C63F00C7B3A1 /* Foundation.framework in Frameworks */ = {isa = PBXBuildFile; fileRef = F39361BE1916C63F00C7B3A1 /* Foundation.framework */; };
		F39361C11916C63F00C7B3A1 /* CoreGraphics.framework in Frameworks */ = {isa = PBXBuildFile; fileRef = F39361C01916C63F00C7B3A1 /* CoreGraphics.framework */; };
		F39361C31916C63F00C7B3A1 /* UIKit.framework in Frameworks */ = {isa = PBXBuildFile; fileRef = F39361C21916C63F00C7B3A1 /* UIKit.framework */; };
		F39361C91916C63F00C7B3A1 /* InfoPlist.strings in Resources */ = {isa = PBXBuildFile; fileRef = F39361C71916C63F00C7B3A1 /* InfoPlist.strings */; };
		F39361CB1916C63F00C7B3A1 /* main.m in Sources */ = {isa = PBXBuildFile; fileRef = F39361CA1916C63F00C7B3A1 /* main.m */; };
		F39361CF1916C63F00C7B3A1 /* AppDelegate.m in Sources */ = {isa = PBXBuildFile; fileRef = F39361CE1916C63F00C7B3A1 /* AppDelegate.m */; };
		F39361D21916C63F00C7B3A1 /* Main.storyboard in Resources */ = {isa = PBXBuildFile; fileRef = F39361D01916C63F00C7B3A1 /* Main.storyboard */; };
		F39361D51916C63F00C7B3A1 /* ViewController.m in Sources */ = {isa = PBXBuildFile; fileRef = F39361D41916C63F00C7B3A1 /* ViewController.m */; };
		F39361D71916C63F00C7B3A1 /* Images.xcassets in Resources */ = {isa = PBXBuildFile; fileRef = F39361D61916C63F00C7B3A1 /* Images.xcassets */; };
		F39361DE1916C63F00C7B3A1 /* XCTest.framework in Frameworks */ = {isa = PBXBuildFile; fileRef = F39361DD1916C63F00C7B3A1 /* XCTest.framework */; };
		F39361DF1916C63F00C7B3A1 /* Foundation.framework in Frameworks */ = {isa = PBXBuildFile; fileRef = F39361BE1916C63F00C7B3A1 /* Foundation.framework */; };
		F39361E01916C63F00C7B3A1 /* UIKit.framework in Frameworks */ = {isa = PBXBuildFile; fileRef = F39361C21916C63F00C7B3A1 /* UIKit.framework */; };
		F39361E81916C63F00C7B3A1 /* InfoPlist.strings in Resources */ = {isa = PBXBuildFile; fileRef = F39361E61916C63F00C7B3A1 /* InfoPlist.strings */; };
		F39361EA1916C63F00C7B3A1 /* QuoteGenTests.m in Sources */ = {isa = PBXBuildFile; fileRef = F39361E91916C63F00C7B3A1 /* QuoteGenTests.m */; };
		F39361F61916DA4000C7B3A1 /* quotes.plist in Resources */ = {isa = PBXBuildFile; fileRef = F39361F51916DA4000C7B3A1 /* quotes.plist */; };
/* End PBXBuildFile section */

/* Begin PBXContainerItemProxy section */
		F39361E11916C63F00C7B3A1 /* PBXContainerItemProxy */ = {
			isa = PBXContainerItemProxy;
			containerPortal = F39361B31916C63F00C7B3A1 /* Project object */;
			proxyType = 1;
			remoteGlobalIDString = F39361BA1916C63F00C7B3A1;
			remoteInfo = QuoteGen;
		};
/* End PBXContainerItemProxy section */

/* Begin PBXFileReference section */
		F39361BB1916C63F00C7B3A1 /* QuoteGen.app */ = {isa = PBXFileReference; explicitFileType = wrapper.application; includeInIndex = 0; path = QuoteGen.app; sourceTree = BUILT_PRODUCTS_DIR; };
		F39361BE1916C63F00C7B3A1 /* Foundation.framework */ = {isa = PBXFileReference; lastKnownFileType = wrapper.framework; name = Foundation.framework; path = System/Library/Frameworks/Foundation.framework; sourceTree = SDKROOT; };
		F39361C01916C63F00C7B3A1 /* CoreGraphics.framework */ = {isa = PBXFileReference; lastKnownFileType = wrapper.framework; name = CoreGraphics.framework; path = System/Library/Frameworks/CoreGraphics.framework; sourceTree = SDKROOT; };
		F39361C21916C63F00C7B3A1 /* UIKit.framework */ = {isa = PBXFileReference; lastKnownFileType = wrapper.framework; name = UIKit.framework; path = System/Library/Frameworks/UIKit.framework; sourceTree = SDKROOT; };
		F39361C61916C63F00C7B3A1 /* QuoteGen-Info.plist */ = {isa = PBXFileReference; lastKnownFileType = text.plist.xml; path = "QuoteGen-Info.plist"; sourceTree = "<group>"; };
		F39361C81916C63F00C7B3A1 /* en */ = {isa = PBXFileReference; lastKnownFileType = text.plist.strings; name = en; path = en.lproj/InfoPlist.strings; sourceTree = "<group>"; };
		F39361CA1916C63F00C7B3A1 /* main.m */ = {isa = PBXFileReference; lastKnownFileType = sourcecode.c.objc; path = main.m; sourceTree = "<group>"; };
		F39361CC1916C63F00C7B3A1 /* QuoteGen-Prefix.pch */ = {isa = PBXFileReference; lastKnownFileType = sourcecode.c.h; path = "QuoteGen-Prefix.pch"; sourceTree = "<group>"; };
		F39361CD1916C63F00C7B3A1 /* AppDelegate.h */ = {isa = PBXFileReference; lastKnownFileType = sourcecode.c.h; path = AppDelegate.h; sourceTree = "<group>"; };
		F39361CE1916C63F00C7B3A1 /* AppDelegate.m */ = {isa = PBXFileReference; lastKnownFileType = sourcecode.c.objc; path = AppDelegate.m; sourceTree = "<group>"; };
		F39361D11916C63F00C7B3A1 /* Base */ = {isa = PBXFileReference; lastKnownFileType = file.storyboard; name = Base; path = Base.lproj/Main.storyboard; sourceTree = "<group>"; };
		F39361D31916C63F00C7B3A1 /* ViewController.h */ = {isa = PBXFileReference; lastKnownFileType = sourcecode.c.h; path = ViewController.h; sourceTree = "<group>"; };
		F39361D41916C63F00C7B3A1 /* ViewController.m */ = {isa = PBXFileReference; lastKnownFileType = sourcecode.c.objc; path = ViewController.m; sourceTree = "<group>"; };
		F39361D61916C63F00C7B3A1 /* Images.xcassets */ = {isa = PBXFileReference; lastKnownFileType = folder.assetcatalog; path = Images.xcassets; sourceTree = "<group>"; };
		F39361DC1916C63F00C7B3A1 /* QuoteGenTests.xctest */ = {isa = PBXFileReference; explicitFileType = wrapper.cfbundle; includeInIndex = 0; path = QuoteGenTests.xctest; sourceTree = BUILT_PRODUCTS_DIR; };
		F39361DD1916C63F00C7B3A1 /* XCTest.framework */ = {isa = PBXFileReference; lastKnownFileType = wrapper.framework; name = XCTest.framework; path = Library/Frameworks/XCTest.framework; sourceTree = DEVELOPER_DIR; };
		F39361E51916C63F00C7B3A1 /* QuoteGenTests-Info.plist */ = {isa = PBXFileReference; lastKnownFileType = text.plist.xml; path = "QuoteGenTests-Info.plist"; sourceTree = "<group>"; };
		F39361E71916C63F00C7B3A1 /* en */ = {isa = PBXFileReference; lastKnownFileType = text.plist.strings; name = en; path = en.lproj/InfoPlist.strings; sourceTree = "<group>"; };
		F39361E91916C63F00C7B3A1 /* QuoteGenTests.m */ = {isa = PBXFileReference; lastKnownFileType = sourcecode.c.objc; path = QuoteGenTests.m; sourceTree = "<group>"; };
		F39361F51916DA4000C7B3A1 /* quotes.plist */ = {isa = PBXFileReference; fileEncoding = 4; lastKnownFileType = text.plist.xml; path = quotes.plist; sourceTree = "<group>"; };
/* End PBXFileReference section */

/* Begin PBXFrameworksBuildPhase section */
		F39361B81916C63F00C7B3A1 /* Frameworks */ = {
			isa = PBXFrameworksBuildPhase;
			buildActionMask = 2147483647;
			files = (
				F39361C11916C63F00C7B3A1 /* CoreGraphics.framework in Frameworks */,
				F39361C31916C63F00C7B3A1 /* UIKit.framework in Frameworks */,
				F39361BF1916C63F00C7B3A1 /* Foundation.framework in Frameworks */,
			);
			runOnlyForDeploymentPostprocessing = 0;
		};
		F39361D91916C63F00C7B3A1 /* Frameworks */ = {
			isa = PBXFrameworksBuildPhase;
			buildActionMask = 2147483647;
			files = (
				F39361DE1916C63F00C7B3A1 /* XCTest.framework in Frameworks */,
				F39361E01916C63F00C7B3A1 /* UIKit.framework in Frameworks */,
				F39361DF1916C63F00C7B3A1 /* Foundation.framework in Frameworks */,
			);
			runOnlyForDeploymentPostprocessing = 0;
		};
/* End PBXFrameworksBuildPhase section */

/* Begin PBXGroup section */
		F39361B21916C63F00C7B3A1 = {
			isa = PBXGroup;
			children = (
				F39361C41916C63F00C7B3A1 /* QuoteGen */,
				F39361E31916C63F00C7B3A1 /* QuoteGenTests */,
				F39361BD1916C63F00C7B3A1 /* Frameworks */,
				F39361BC1916C63F00C7B3A1 /* Products */,
			);
			sourceTree = "<group>";
		};
		F39361BC1916C63F00C7B3A1 /* Products */ = {
			isa = PBXGroup;
			children = (
				F39361BB1916C63F00C7B3A1 /* QuoteGen.app */,
				F39361DC1916C63F00C7B3A1 /* QuoteGenTests.xctest */,
			);
			name = Products;
			sourceTree = "<group>";
		};
		F39361BD1916C63F00C7B3A1 /* Frameworks */ = {
			isa = PBXGroup;
			children = (
				F39361BE1916C63F00C7B3A1 /* Foundation.framework */,
				F39361C01916C63F00C7B3A1 /* CoreGraphics.framework */,
				F39361C21916C63F00C7B3A1 /* UIKit.framework */,
				F39361DD1916C63F00C7B3A1 /* XCTest.framework */,
			);
			name = Frameworks;
			sourceTree = "<group>";
		};
		F39361C41916C63F00C7B3A1 /* QuoteGen */ = {
			isa = PBXGroup;
			children = (
				F39361CD1916C63F00C7B3A1 /* AppDelegate.h */,
				F39361CE1916C63F00C7B3A1 /* AppDelegate.m */,
				F39361F51916DA4000C7B3A1 /* quotes.plist */,
				F39361D01916C63F00C7B3A1 /* Main.storyboard */,
				F39361D31916C63F00C7B3A1 /* ViewController.h */,
				F39361D41916C63F00C7B3A1 /* ViewController.m */,
				F39361D61916C63F00C7B3A1 /* Images.xcassets */,
				F39361C51916C63F00C7B3A1 /* Supporting Files */,
			);
			path = QuoteGen;
			sourceTree = "<group>";
		};
		F39361C51916C63F00C7B3A1 /* Supporting Files */ = {
			isa = PBXGroup;
			children = (
				F39361C61916C63F00C7B3A1 /* QuoteGen-Info.plist */,
				F39361C71916C63F00C7B3A1 /* InfoPlist.strings */,
				F39361CA1916C63F00C7B3A1 /* main.m */,
				F39361CC1916C63F00C7B3A1 /* QuoteGen-Prefix.pch */,
			);
			name = "Supporting Files";
			sourceTree = "<group>";
		};
		F39361E31916C63F00C7B3A1 /* QuoteGenTests */ = {
			isa = PBXGroup;
			children = (
				F39361E91916C63F00C7B3A1 /* QuoteGenTests.m */,
				F39361E41916C63F00C7B3A1 /* Supporting Files */,
			);
			path = QuoteGenTests;
			sourceTree = "<group>";
		};
		F39361E41916C63F00C7B3A1 /* Supporting Files */ = {
			isa = PBXGroup;
			children = (
				F39361E51916C63F00C7B3A1 /* QuoteGenTests-Info.plist */,
				F39361E61916C63F00C7B3A1 /* InfoPlist.strings */,
			);
			name = "Supporting Files";
			sourceTree = "<group>";
		};
/* End PBXGroup section */

/* Begin PBXNativeTarget section */
		F39361BA1916C63F00C7B3A1 /* QuoteGen */ = {
			isa = PBXNativeTarget;
			buildConfigurationList = F39361ED1916C63F00C7B3A1 /* Build configuration list for PBXNativeTarget "QuoteGen" */;
			buildPhases = (
				F39361B71916C63F00C7B3A1 /* Sources */,
				F39361B81916C63F00C7B3A1 /* Frameworks */,
				F39361B91916C63F00C7B3A1 /* Resources */,
			);
			buildRules = (
			);
			dependencies = (
			);
			name = QuoteGen;
			productName = QuoteGen;
			productReference = F39361BB1916C63F00C7B3A1 /* QuoteGen.app */;
			productType = "com.apple.product-type.application";
		};
		F39361DB1916C63F00C7B3A1 /* QuoteGenTests */ = {
			isa = PBXNativeTarget;
			buildConfigurationList = F39361F01916C63F00C7B3A1 /* Build configuration list for PBXNativeTarget "QuoteGenTests" */;
			buildPhases = (
				F39361D81916C63F00C7B3A1 /* Sources */,
				F39361D91916C63F00C7B3A1 /* Frameworks */,
				F39361DA1916C63F00C7B3A1 /* Resources */,
			);
			buildRules = (
			);
			dependencies = (
				F39361E21916C63F00C7B3A1 /* PBXTargetDependency */,
			);
			name = QuoteGenTests;
			productName = QuoteGenTests;
			productReference = F39361DC1916C63F00C7B3A1 /* QuoteGenTests.xctest */;
			productType = "com.apple.product-type.bundle.unit-test";
		};
/* End PBXNativeTarget section */

/* Begin PBXProject section */
		F39361B31916C63F00C7B3A1 /* Project object */ = {
			isa = PBXProject;
			attributes = {
				LastUpgradeCheck = 0510;
				ORGANIZATIONNAME = "Razeware LLC";
				TargetAttributes = {
					F39361DB1916C63F00C7B3A1 = {
						TestTargetID = F39361BA1916C63F00C7B3A1;
					};
				};
			};
			buildConfigurationList = F39361B61916C63F00C7B3A1 /* Build configuration list for PBXProject "QuoteGen" */;
			compatibilityVersion = "Xcode 3.2";
			developmentRegion = English;
			hasScannedForEncodings = 0;
			knownRegions = (
				en,
				Base,
			);
			mainGroup = F39361B21916C63F00C7B3A1;
			productRefGroup = F39361BC1916C63F00C7B3A1 /* Products */;
			projectDirPath = "";
			projectRoot = "";
			targets = (
				F39361BA1916C63F00C7B3A1 /* QuoteGen */,
				F39361DB1916C63F00C7B3A1 /* QuoteGenTests */,
			);
		};
/* End PBXProject section */

/* Begin PBXResourcesBuildPhase section */
		F39361B91916C63F00C7B3A1 /* Resources */ = {
			isa = PBXResourcesBuildPhase;
			buildActionMask = 2147483647;
			files = (
				F39361D71916C63F00C7B3A1 /* Images.xcassets in Resources */,
				F39361C91916C63F00C7B3A1 /* InfoPlist.strings in Resources */,
				F39361D21916C63F00C7B3A1 /* Main.storyboard in Resources */,
				F39361F61916DA4000C7B3A1 /* quotes.plist in Resources */,
			);
			runOnlyForDeploymentPostprocessing = 0;
		};
		F39361DA1916C63F00C7B3A1 /* Resources */ = {
			isa = PBXResourcesBuildPhase;
			buildActionMask = 2147483647;
			files = (
				F39361E81916C63F00C7B3A1 /* InfoPlist.strings in Resources */,
			);
			runOnlyForDeploymentPostprocessing = 0;
		};
/* End PBXResourcesBuildPhase section */

/* Begin PBXSourcesBuildPhase section */
		F39361B71916C63F00C7B3A1 /* Sources */ = {
			isa = PBXSourcesBuildPhase;
			buildActionMask = 2147483647;
			files = (
				F39361D51916C63F00C7B3A1 /* ViewController.m in Sources */,
				F39361CF1916C63F00C7B3A1 /* AppDelegate.m in Sources */,
				F39361CB1916C63F00C7B3A1 /* main.m in Sources */,
			);
			runOnlyForDeploymentPostprocessing = 0;
		};
		F39361D81916C63F00C7B3A1 /* Sources */ = {
			isa = PBXSourcesBuildPhase;
			buildActionMask = 2147483647;
			files = (
				F39361EA1916C63F00C7B3A1 /* QuoteGenTests.m in Sources */,
			);
			runOnlyForDeploymentPostprocessing = 0;
		};
/* End PBXSourcesBuildPhase section */

/* Begin PBXTargetDependency section */
		F39361E21916C63F00C7B3A1 /* PBXTargetDependency */ = {
			isa = PBXTargetDependency;
			target = F39361BA1916C63F00C7B3A1 /* QuoteGen */;
			targetProxy = F39361E11916C63F00C7B3A1 /* PBXContainerItemProxy */;
		};
/* End PBXTargetDependency section */

/* Begin PBXVariantGroup section */
		F39361C71916C63F00C7B3A1 /* InfoPlist.strings */ = {
			isa = PBXVariantGroup;
			children = (
				F39361C81916C63F00C7B3A1 /* en */,
			);
			name = InfoPlist.strings;
			sourceTree = "<group>";
		};
		F39361D01916C63F00C7B3A1 /* Main.storyboard */ = {
			isa = PBXVariantGroup;
			children = (
				F39361D11916C63F00C7B3A1 /* Base */,
			);
			name = Main.storyboard;
			sourceTree = "<group>";
		};
		F39361E61916C63F00C7B3A1 /* InfoPlist.strings */ = {
			isa = PBXVariantGroup;
			children = (
				F39361E71916C63F00C7B3A1 /* en */,
			);
			name = InfoPlist.strings;
			sourceTree = "<group>";
		};
/* End PBXVariantGroup section */

/* Begin XCBuildConfiguration section */
		F39361EB1916C63F00C7B3A1 /* Debug */ = {
			isa = XCBuildConfiguration;
			buildSettings = {
				ALWAYS_SEARCH_USER_PATHS = NO;
				CLANG_CXX_LANGUAGE_STANDARD = "gnu++0x";
				CLANG_CXX_LIBRARY = "libc++";
				CLANG_ENABLE_MODULES = YES;
				CLANG_ENABLE_OBJC_ARC = YES;
				CLANG_WARN_BOOL_CONVERSION = YES;
				CLANG_WARN_CONSTANT_CONVERSION = YES;
				CLANG_WARN_DIRECT_OBJC_ISA_USAGE = YES_ERROR;
				CLANG_WARN_EMPTY_BODY = YES;
				CLANG_WARN_ENUM_CONVERSION = YES;
				CLANG_WARN_INT_CONVERSION = YES;
				CLANG_WARN_OBJC_ROOT_CLASS = YES_ERROR;
				CLANG_WARN__DUPLICATE_METHOD_MATCH = YES;
				"CODE_SIGN_IDENTITY[sdk=iphoneos*]" = "iPhone Developer";
				COPY_PHASE_STRIP = NO;
				GCC_C_LANGUAGE_STANDARD = gnu99;
				GCC_DYNAMIC_NO_PIC = NO;
				GCC_OPTIMIZATION_LEVEL = 0;
				GCC_PREPROCESSOR_DEFINITIONS = (
					"DEBUG=1",
					"$(inherited)",
				);
				GCC_SYMBOLS_PRIVATE_EXTERN = NO;
				GCC_WARN_64_TO_32_BIT_CONVERSION = YES;
				GCC_WARN_ABOUT_RETURN_TYPE = YES_ERROR;
				GCC_WARN_UNDECLARED_SELECTOR = YES;
				GCC_WARN_UNINITIALIZED_AUTOS = YES_AGGRESSIVE;
				GCC_WARN_UNUSED_FUNCTION = YES;
				GCC_WARN_UNUSED_VARIABLE = YES;
				IPHONEOS_DEPLOYMENT_TARGET = 7.1;
				ONLY_ACTIVE_ARCH = YES;
				SDKROOT = iphoneos;
			};
			name = Debug;
		};
		F39361EC1916C63F00C7B3A1 /* Release */ = {
			isa = XCBuildConfiguration;
			buildSettings = {
				ALWAYS_SEARCH_USER_PATHS = NO;
				CLANG_CXX_LANGUAGE_STANDARD = "gnu++0x";
				CLANG_CXX_LIBRARY = "libc++";
				CLANG_ENABLE_MODULES = YES;
				CLANG_ENABLE_OBJC_ARC = YES;
				CLANG_WARN_BOOL_CONVERSION = YES;
				CLANG_WARN_CONSTANT_CONVERSION = YES;
				CLANG_WARN_DIRECT_OBJC_ISA_USAGE = YES_ERROR;
				CLANG_WARN_EMPTY_BODY = YES;
				CLANG_WARN_ENUM_CONVERSION = YES;
				CLANG_WARN_INT_CONVERSION = YES;
				CLANG_WARN_OBJC_ROOT_CLASS = YES_ERROR;
				CLANG_WARN__DUPLICATE_METHOD_MATCH = YES;
				"CODE_SIGN_IDENTITY[sdk=iphoneos*]" = "iPhone Developer";
				COPY_PHASE_STRIP = YES;
				ENABLE_NS_ASSERTIONS = NO;
				GCC_C_LANGUAGE_STANDARD = gnu99;
				GCC_WARN_64_TO_32_BIT_CONVERSION = YES;
				GCC_WARN_ABOUT_RETURN_TYPE = YES_ERROR;
				GCC_WARN_UNDECLARED_SELECTOR = YES;
				GCC_WARN_UNINITIALIZED_AUTOS = YES_AGGRESSIVE;
				GCC_WARN_UNUSED_FUNCTION = YES;
				GCC_WARN_UNUSED_VARIABLE = YES;
				IPHONEOS_DEPLOYMENT_TARGET = 7.1;
				SDKROOT = iphoneos;
				VALIDATE_PRODUCT = YES;
			};
			name = Release;
		};
		F39361EE1916C63F00C7B3A1 /* Debug */ = {
			isa = XCBuildConfiguration;
			buildSettings = {
				ASSETCATALOG_COMPILER_APPICON_NAME = AppIcon;
				ASSETCATALOG_COMPILER_LAUNCHIMAGE_NAME = LaunchImage;
				GCC_PRECOMPILE_PREFIX_HEADER = YES;
				GCC_PREFIX_HEADER = "QuoteGen/QuoteGen-Prefix.pch";
				INFOPLIST_FILE = "QuoteGen/QuoteGen-Info.plist";
				PRODUCT_NAME = "$(TARGET_NAME)";
				WRAPPER_EXTENSION = app;
			};
			name = Debug;
		};
		F39361EF1916C63F00C7B3A1 /* Release */ = {
			isa = XCBuildConfiguration;
			buildSettings = {
				ASSETCATALOG_COMPILER_APPICON_NAME = AppIcon;
				ASSETCATALOG_COMPILER_LAUNCHIMAGE_NAME = LaunchImage;
				GCC_PRECOMPILE_PREFIX_HEADER = YES;
				GCC_PREFIX_HEADER = "QuoteGen/QuoteGen-Prefix.pch";
				INFOPLIST_FILE = "QuoteGen/QuoteGen-Info.plist";
				PRODUCT_NAME = "$(TARGET_NAME)";
				WRAPPER_EXTENSION = app;
			};
			name = Release;
		};
		F39361F11916C63F00C7B3A1 /* Debug */ = {
			isa = XCBuildConfiguration;
			buildSettings = {
				BUNDLE_LOADER = "$(BUILT_PRODUCTS_DIR)/QuoteGen.app/QuoteGen";
				FRAMEWORK_SEARCH_PATHS = (
					"$(SDKROOT)/Developer/Library/Frameworks",
					"$(inherited)",
					"$(DEVELOPER_FRAMEWORKS_DIR)",
				);
				GCC_PRECOMPILE_PREFIX_HEADER = YES;
				GCC_PREFIX_HEADER = "QuoteGen/QuoteGen-Prefix.pch";
				GCC_PREPROCESSOR_DEFINITIONS = (
					"DEBUG=1",
					"$(inherited)",
				);
				INFOPLIST_FILE = "QuoteGenTests/QuoteGenTests-Info.plist";
				PRODUCT_NAME = "$(TARGET_NAME)";
				TEST_HOST = "$(BUNDLE_LOADER)";
				WRAPPER_EXTENSION = xctest;
			};
			name = Debug;
		};
		F39361F21916C63F00C7B3A1 /* Release */ = {
			isa = XCBuildConfiguration;
			buildSettings = {
				BUNDLE_LOADER = "$(BUILT_PRODUCTS_DIR)/QuoteGen.app/QuoteGen";
				FRAMEWORK_SEARCH_PATHS = (
					"$(SDKROOT)/Developer/Library/Frameworks",
					"$(inherited)",
					"$(DEVELOPER_FRAMEWORKS_DIR)",
				);
				GCC_PRECOMPILE_PREFIX_HEADER = YES;
				GCC_PREFIX_HEADER = "QuoteGen/QuoteGen-Prefix.pch";
				INFOPLIST_FILE = "QuoteGenTests/QuoteGenTests-Info.plist";
				PRODUCT_NAME = "$(TARGET_NAME)";
				TEST_HOST = "$(BUNDLE_LOADER)";
				WRAPPER_EXTENSION = xctest;
			};
			name = Release;
		};
/* End XCBuildConfiguration section */

/* Begin XCConfigurationList section */
		F39361B61916C63F00C7B3A1 /* Build configuration list for PBXProject "QuoteGen" */ = {
			isa = XCConfigurationList;
			buildConfigurations = (
				F39361EB1916C63F00C7B3A1 /* Debug */,
				F39361EC1916C63F00C7B3A1 /* Release */,
			);
			defaultConfigurationIsVisible = 0;
			defaultConfigurationName = Release;
		};
		F39361ED1916C63F00C7B3A1 /* Build configuration list for PBXNativeTarget "QuoteGen" */ = {
			isa = XCConfigurationList;
			buildConfigurations = (
				F39361EE1916C63F00C7B3A1 /* Debug */,
				F39361EF1916C63F00C7B3A1 /* Release */,
			);
			defaultConfigurationIsVisible = 0;
		};
		F39361F01916C63F00C7B3A1 /* Build configuration list for PBXNativeTarget "QuoteGenTests" */ = {
			isa = XCConfigurationList;
			buildConfigurations = (
				F39361F11916C63F00C7B3A1 /* Debug */,
				F39361F21916C63F00C7B3A1 /* Release */,
			);
			defaultConfigurationIsVisible = 0;
		};
/* End XCConfigurationList section */
	};
	rootObject = F39361B31916C63F00C7B3A1 /* Project object */;
}
